{
  "version": "0.0.0",
  "lockfileVersion": 1,
  "requires": true,
  "dependencies": {
    "@babel/helper-validator-identifier": {
      "version": "7.14.5",
      "resolved": "https://registry.nlark.com/@babel/helper-validator-identifier/download/@babel/helper-validator-identifier-7.14.5.tgz",
      "integrity": "sha1-0PDid8US4Mk4J3+qhaOWjJpEwOg="
    },
    "@babel/parser": {
      "version": "7.14.7",
      "resolved": "https://registry.nlark.com/@babel/parser/download/@babel/parser-7.14.7.tgz?cache=0&other_urls=https%3A%2F%2Fregistry.nlark.com%2F%40babel%2Fparser%2Fdownload%2F%40babel%2Fparser-7.14.7.tgz",
      "integrity": "sha1-YJlyDIg5yoZaJjfmyFhS6tC9tZU="
    },
    "@babel/types": {
      "version": "7.14.5",
      "resolved": "https://registry.nlark.com/@babel/types/download/@babel/types-7.14.5.tgz?cache=0&sync_timestamp=1623292761927&other_urls=https%3A%2F%2Fregistry.nlark.com%2F%40babel%2Ftypes%2Fdownload%2F%40babel%2Ftypes-7.14.5.tgz",
      "integrity": "sha1-O7mXuoKaIQTO2yBonEpbgSHTg/8=",
      "requires": {
        "@babel/helper-validator-identifier": "^7.14.5",
        "to-fast-properties": "^2.0.0"
      }
    },
    "@better-scroll/core": {
      "version": "2.4.1",
      "resolved": "https://registry.nlark.com/@better-scroll/core/download/@better-scroll/core-2.4.1.tgz",
      "integrity": "sha1-H2epz+Zzj4cL5bkLE6r8wYigHjs=",
      "requires": {
        "@better-scroll/shared-utils": "^2.4.1"
      }
    },
    "@better-scroll/indicators": {
      "version": "2.4.1",
      "resolved": "https://registry.nlark.com/@better-scroll/indicators/download/@better-scroll/indicators-2.4.1.tgz",
      "integrity": "sha1-kLMovigRjM0jLwh1wOBHXTE8Lqo=",
      "requires": {
        "@better-scroll/core": "^2.4.1"
      }
    },
    "@better-scroll/infinity": {
      "version": "2.4.1",
      "resolved": "https://registry.nlark.com/@better-scroll/infinity/download/@better-scroll/infinity-2.4.1.tgz",
      "integrity": "sha1-JrwftyZY8QR3KU4rcpCB/B+2iUo=",
      "requires": {
        "@better-scroll/core": "^2.4.1"
      }
    },
    "@better-scroll/mouse-wheel": {
      "version": "2.4.1",
      "resolved": "https://registry.nlark.com/@better-scroll/mouse-wheel/download/@better-scroll/mouse-wheel-2.4.1.tgz",
      "integrity": "sha1-PHfhuH0vqvfjp9ajxwcq2Lys8XM=",
      "requires": {
        "@better-scroll/core": "^2.4.1"
      }
    },
    "@better-scroll/movable": {
      "version": "2.4.1",
      "resolved": "https://registry.nlark.com/@better-scroll/movable/download/@better-scroll/movable-2.4.1.tgz",
      "integrity": "sha1-y+L9KFKHOVFGlZH4TJRbECw56iU=",
      "requires": {
        "@better-scroll/core": "^2.4.1"
      }
    },
    "@better-scroll/nested-scroll": {
      "version": "2.4.1",
      "resolved": "https://registry.nlark.com/@better-scroll/nested-scroll/download/@better-scroll/nested-scroll-2.4.1.tgz",
      "integrity": "sha1-SAv0vpC+473ti9nDqLUAGRxO3pQ=",
      "requires": {
        "@better-scroll/core": "^2.4.1"
      }
    },
    "@better-scroll/observe-dom": {
      "version": "2.4.1",
      "resolved": "https://registry.nlark.com/@better-scroll/observe-dom/download/@better-scroll/observe-dom-2.4.1.tgz",
      "integrity": "sha1-2RjB/C3k4/oyswKmPEXJQzz0GiQ=",
      "requires": {
        "@better-scroll/core": "^2.4.1"
      }
    },
    "@better-scroll/observe-image": {
      "version": "2.4.1",
      "resolved": "https://registry.nlark.com/@better-scroll/observe-image/download/@better-scroll/observe-image-2.4.1.tgz",
      "integrity": "sha1-2mAOyByID9o9OJZ4MTRIaSv54BE=",
      "requires": {
        "@better-scroll/core": "^2.4.1"
      }
    },
    "@better-scroll/pull-down": {
      "version": "2.4.1",
      "resolved": "https://registry.nlark.com/@better-scroll/pull-down/download/@better-scroll/pull-down-2.4.1.tgz",
      "integrity": "sha1-R5iUJcoHkIoud/tQJAJqIRf/2Hw=",
      "requires": {
        "@better-scroll/core": "^2.4.1"
      }
    },
    "@better-scroll/pull-up": {
      "version": "2.4.1",
      "resolved": "https://registry.nlark.com/@better-scroll/pull-up/download/@better-scroll/pull-up-2.4.1.tgz",
      "integrity": "sha1-fumcKVgtBpJVA2sFHSXkuB3Ig0g=",
      "requires": {
        "@better-scroll/core": "^2.4.1"
      }
    },
    "@better-scroll/scroll-bar": {
      "version": "2.4.1",
      "resolved": "https://registry.nlark.com/@better-scroll/scroll-bar/download/@better-scroll/scroll-bar-2.4.1.tgz",
      "integrity": "sha1-iSUe1dAUIT5U7PfmkjmJWeTFfa4=",
      "requires": {
        "@better-scroll/core": "^2.4.1"
      }
    },
    "@better-scroll/shared-utils": {
      "version": "2.4.1",
      "resolved": "https://registry.nlark.com/@better-scroll/shared-utils/download/@better-scroll/shared-utils-2.4.1.tgz",
      "integrity": "sha1-teTnUaAjGA8RI9LDdzx1qGP3H3c="
    },
    "@better-scroll/slide": {
      "version": "2.4.1",
      "resolved": "https://registry.nlark.com/@better-scroll/slide/download/@better-scroll/slide-2.4.1.tgz",
      "integrity": "sha1-kIalyfIOdsJ12UBYfEIlR6u1s+k=",
      "requires": {
        "@better-scroll/core": "^2.4.1"
      }
    },
    "@better-scroll/wheel": {
      "version": "2.4.1",
      "resolved": "https://registry.nlark.com/@better-scroll/wheel/download/@better-scroll/wheel-2.4.1.tgz",
      "integrity": "sha1-h3UkVi4Xhj9fsrSb2AwUTSldvM0=",
      "requires": {
        "@better-scroll/core": "^2.4.1"
      }
    },
    "@better-scroll/zoom": {
      "version": "2.4.1",
      "resolved": "https://registry.nlark.com/@better-scroll/zoom/download/@better-scroll/zoom-2.4.1.tgz",
      "integrity": "sha1-ajBAM8cANc1jy/NIj+PzBXai3aM=",
      "requires": {
        "@better-scroll/core": "^2.4.1"
      }
    },
    "@types/estree": {
      "version": "0.0.48",
      "resolved": "https://registry.nlark.com/@types/estree/download/@types/estree-0.0.48.tgz",
      "integrity": "sha1-GNyAkbKF35DbLyWqfZBs/DlLf3Q=",
      "dev": true
    },
    "@vitejs/plugin-vue": {
      "version": "1.2.5",
      "resolved": "https://registry.nlark.com/@vitejs/plugin-vue/download/@vitejs/plugin-vue-1.2.5.tgz?cache=0&sync_timestamp=1626092720558&other_urls=https%3A%2F%2Fregistry.nlark.com%2F%40vitejs%2Fplugin-vue%2Fdownload%2F%40vitejs%2Fplugin-vue-1.2.5.tgz",
      "integrity": "sha1-733EqS5T/oZrVLzBJmeIUTJirAk=",
      "dev": true
    },
    "@vue/compiler-core": {
      "version": "3.1.4",
      "resolved": "https://registry.nlark.com/@vue/compiler-core/download/@vue/compiler-core-3.1.4.tgz",
      "integrity": "sha1-o6dM9S6PAa84bTZKyKCZy+smBCQ=",
      "requires": {
        "@babel/parser": "^7.12.0",
        "@babel/types": "^7.12.0",
        "@vue/shared": "3.1.4",
        "estree-walker": "^2.0.1",
        "source-map": "^0.6.1"
      }
    },
    "@vue/compiler-dom": {
      "version": "3.1.4",
      "resolved": "https://registry.nlark.com/@vue/compiler-dom/download/@vue/compiler-dom-3.1.4.tgz",
      "integrity": "sha1-vzeV4USfMsll04xOptgIygX9/Jc=",
      "requires": {
        "@vue/compiler-core": "3.1.4",
        "@vue/shared": "3.1.4"
      }
    },
    "@vue/compiler-sfc": {
      "version": "3.1.4",
      "resolved": "https://registry.nlark.com/@vue/compiler-sfc/download/@vue/compiler-sfc-3.1.4.tgz",
      "integrity": "sha1-k+h9uVDgcRM5wYuqe7fSjTUi17w=",
      "dev": true,
      "requires": {
        "@babel/parser": "^7.13.9",
        "@babel/types": "^7.13.0",
        "@types/estree": "^0.0.48",
        "@vue/compiler-core": "3.1.4",
        "@vue/compiler-dom": "3.1.4",
        "@vue/compiler-ssr": "3.1.4",
        "@vue/shared": "3.1.4",
        "consolidate": "^0.16.0",
        "estree-walker": "^2.0.1",
        "hash-sum": "^2.0.0",
        "lru-cache": "^5.1.1",
        "magic-string": "^0.25.7",
        "merge-source-map": "^1.1.0",
        "postcss": "^8.1.10",
        "postcss-modules": "^4.0.0",
        "postcss-selector-parser": "^6.0.4",
        "source-map": "^0.6.1"
      }
    },
    "@vue/compiler-ssr": {
      "version": "3.1.4",
      "resolved": "https://registry.nlark.com/@vue/compiler-ssr/download/@vue/compiler-ssr-3.1.4.tgz?cache=0&sync_timestamp=1625229855794&other_urls=https%3A%2F%2Fregistry.nlark.com%2F%40vue%2Fcompiler-ssr%2Fdownload%2F%40vue%2Fcompiler-ssr-3.1.4.tgz",
      "integrity": "sha1-f26qxbGFH8FcgsCD6BeesSFrMDw=",
      "dev": true,
      "requires": {
        "@vue/compiler-dom": "3.1.4",
        "@vue/shared": "3.1.4"
      }
    },
    "@vue/reactivity": {
      "version": "3.1.4",
      "resolved": "https://registry.nlark.com/@vue/reactivity/download/@vue/reactivity-3.1.4.tgz?cache=0&sync_timestamp=1625229863815&other_urls=https%3A%2F%2Fregistry.nlark.com%2F%40vue%2Freactivity%2Fdownload%2F%40vue%2Freactivity-3.1.4.tgz",
      "integrity": "sha1-2SbtRvsNSFgsz4ZlsGLTe101upk=",
      "requires": {
        "@vue/shared": "3.1.4"
      }
    },
    "@vue/runtime-core": {
      "version": "3.1.4",
      "resolved": "https://registry.nlark.com/@vue/runtime-core/download/@vue/runtime-core-3.1.4.tgz?cache=0&sync_timestamp=1625229856469&other_urls=https%3A%2F%2Fregistry.nlark.com%2F%40vue%2Fruntime-core%2Fdownload%2F%40vue%2Fruntime-core-3.1.4.tgz",
      "integrity": "sha1-PjCubsv/8G31rclBRJEUMZGjdbo=",
      "requires": {
        "@vue/reactivity": "3.1.4",
        "@vue/shared": "3.1.4"
      }
    },
    "@vue/runtime-dom": {
      "version": "3.1.4",
      "resolved": "https://registry.nlark.com/@vue/runtime-dom/download/@vue/runtime-dom-3.1.4.tgz?cache=0&sync_timestamp=1625229856831&other_urls=https%3A%2F%2Fregistry.nlark.com%2F%40vue%2Fruntime-dom%2Fdownload%2F%40vue%2Fruntime-dom-3.1.4.tgz",
      "integrity": "sha1-rP7uIA1cRfwsvfcFjNoUmPm0WEk=",
      "requires": {
        "@vue/runtime-core": "3.1.4",
        "@vue/shared": "3.1.4",
        "csstype": "^2.6.8"
      }
    },
    "@vue/shared": {
      "version": "3.1.4",
      "resolved": "https://registry.nlark.com/@vue/shared/download/@vue/shared-3.1.4.tgz",
      "integrity": "sha1-wUxGHsQuosFVbob2CwNUNB2RrcM="
    },
    "ansi-regex": {
      "version": "2.1.1",
      "resolved": "https://registry.npm.taobao.org/ansi-regex/download/ansi-regex-2.1.1.tgz",
      "integrity": "sha1-w7M6te42DYbg5ijwRorn7yfWVN8="
    },
    "ansi-styles": {
      "version": "2.2.1",
      "resolved": "https://registry.nlark.com/ansi-styles/download/ansi-styles-2.2.1.tgz",
      "integrity": "sha1-tDLdM1i2NM914eRmQ2gkBTPB3b4="
    },
    "axios": {
      "version": "0.21.1",
      "resolved": "https://registry.nlark.com/axios/download/axios-0.21.1.tgz",
      "integrity": "sha1-IlY0gZYvTWvemnbVFu8OXTwJsrg=",
      "requires": {
        "follow-redirects": "^1.10.0"
      }
    },
    "better-scroll": {
      "version": "2.4.1",
      "resolved": "https://registry.nlark.com/better-scroll/download/better-scroll-2.4.1.tgz",
      "integrity": "sha1-KebFXMUFluKx+uCqRQmSu6DHcz0=",
      "requires": {
        "@better-scroll/core": "^2.4.1",
        "@better-scroll/indicators": "^2.4.1",
        "@better-scroll/infinity": "^2.4.1",
        "@better-scroll/mouse-wheel": "^2.4.1",
        "@better-scroll/movable": "^2.4.1",
        "@better-scroll/nested-scroll": "^2.4.1",
        "@better-scroll/observe-dom": "^2.4.1",
        "@better-scroll/observe-image": "^2.4.1",
        "@better-scroll/pull-down": "^2.4.1",
        "@better-scroll/pull-up": "^2.4.1",
        "@better-scroll/scroll-bar": "^2.4.1",
        "@better-scroll/slide": "^2.4.1",
        "@better-scroll/wheel": "^2.4.1",
        "@better-scroll/zoom": "^2.4.1"
      }
    },
    "big.js": {
      "version": "5.2.2",
      "resolved": "https://registry.nlark.com/big.js/download/big.js-5.2.2.tgz",
      "integrity": "sha1-ZfCvOC9Xi83HQr2cKB6cstd2gyg="
    },
    "bluebird": {
      "version": "3.7.2",
      "resolved": "https://registry.npm.taobao.org/bluebird/download/bluebird-3.7.2.tgz",
      "integrity": "sha1-nyKcFb4nJFT/qXOs4NvueaGww28=",
      "dev": true
    },
    "camelcase": {
      "version": "4.1.0",
      "resolved": "https://registry.npm.taobao.org/camelcase/download/camelcase-4.1.0.tgz",
      "integrity": "sha1-1UVjW+HjPFQmScaRc+Xeas+uNN0="
    },
    "chalk": {
      "version": "1.1.3",
      "resolved": "https://registry.nlark.com/chalk/download/chalk-1.1.3.tgz",
      "integrity": "sha1-qBFcVeSnAv5NFQq9OHKCKn4J/Jg=",
      "requires": {
        "ansi-styles": "^2.2.1",
        "escape-string-regexp": "^1.0.2",
        "has-ansi": "^2.0.0",
        "strip-ansi": "^3.0.0",
        "supports-color": "^2.0.0"
      },
      "dependencies": {
        "supports-color": {
          "version": "2.0.0",
          "resolved": "https://registry.nlark.com/supports-color/download/supports-color-2.0.0.tgz",
          "integrity": "sha1-U10EXOa2Nj+kARcIRimZXp3zJMc="
        }
      }
    },
    "colorette": {
      "version": "1.2.2",
      "resolved": "https://registry.npm.taobao.org/colorette/download/colorette-1.2.2.tgz?cache=0&sync_timestamp=1614259647923&other_urls=https%3A%2F%2Fregistry.npm.taobao.org%2Fcolorette%2Fdownload%2Fcolorette-1.2.2.tgz",
      "integrity": "sha1-y8x51emcrqLb8Q6zom/Ys+as+pQ=",
      "dev": true
    },
    "consolidate": {
      "version": "0.16.0",
      "resolved": "https://registry.npm.taobao.org/consolidate/download/consolidate-0.16.0.tgz?cache=0&sync_timestamp=1599596654038&other_urls=https%3A%2F%2Fregistry.npm.taobao.org%2Fconsolidate%2Fdownload%2Fconsolidate-0.16.0.tgz",
      "integrity": "sha1-oRhkdokw8vGUMWYKZZBmaPX73BY=",
      "dev": true,
      "requires": {
        "bluebird": "^3.7.2"
      }
    },
    "core-js": {
      "version": "3.15.2",
      "resolved": "https://registry.nlark.com/core-js/download/core-js-3.15.2.tgz?cache=0&sync_timestamp=1624966012065&other_urls=https%3A%2F%2Fregistry.nlark.com%2Fcore-js%2Fdownload%2Fcore-js-3.15.2.tgz",
      "integrity": "sha1-dAZg0v9V7zTOZk1+JFURnFvdPWE="
    },
    "cssesc": {
      "version": "3.0.0",
      "resolved": "https://registry.npm.taobao.org/cssesc/download/cssesc-3.0.0.tgz",
      "integrity": "sha1-N3QZGZA7hoVl4cCep0dEXNGJg+4=",
      "dev": true
    },
    "csstype": {
      "version": "2.6.17",
      "resolved": "https://registry.nlark.com/csstype/download/csstype-2.6.17.tgz",
      "integrity": "sha1-TPMOuH4dGgBdi2UQ+VKSQT9qHA4="
    },
    "danmaku": {
      "version": "2.0.2",
      "resolved": "https://registry.nlark.com/danmaku/download/danmaku-2.0.2.tgz",
      "integrity": "sha1-2SJib2PV1gPzozaPsA+yy6ObNEo="
    },
    "dom7": {
      "version": "2.1.5",
      "resolved": "https://registry.npm.taobao.org/dom7/download/dom7-2.1.5.tgz",
      "integrity": "sha1-p5QRAXgAsx2EAAcM2uu/ySwfY3c=",
      "requires": {
        "ssr-window": "^2.0.0"
      }
    },
    "emojis-list": {
      "version": "3.0.0",
      "resolved": "https://registry.npm.taobao.org/emojis-list/download/emojis-list-3.0.0.tgz",
      "integrity": "sha1-VXBmIEatKeLpFucariYKvf9Pang="
    },
    "esbuild": {
      "version": "0.12.15",
      "resolved": "https://registry.nlark.com/esbuild/download/esbuild-0.12.15.tgz?cache=0&sync_timestamp=1625546256211&other_urls=https%3A%2F%2Fregistry.nlark.com%2Fesbuild%2Fdownload%2Fesbuild-0.12.15.tgz",
      "integrity": "sha1-nZnPOa6yGIJlxZg+mD4jaCnwivA=",
      "dev": true
    },
    "escape-string-regexp": {
      "version": "1.0.5",
      "resolved": "https://registry.npm.taobao.org/escape-string-regexp/download/escape-string-regexp-1.0.5.tgz?cache=0&sync_timestamp=1618677243201&other_urls=https%3A%2F%2Fregistry.npm.taobao.org%2Fescape-string-regexp%2Fdownload%2Fescape-string-regexp-1.0.5.tgz",
      "integrity": "sha1-G2HAViGQqN/2rjuyzwIAyhMLhtQ="
    },
    "estree-walker": {
      "version": "2.0.2",
      "resolved": "https://registry.npm.taobao.org/estree-walker/download/estree-walker-2.0.2.tgz",
      "integrity": "sha1-UvAQF4wqTBF6d1fP6UKtt9LaTKw="
    },
    "follow-redirects": {
      "version": "1.14.1",
      "resolved": "https://registry.nlark.com/follow-redirects/download/follow-redirects-1.14.1.tgz?cache=0&sync_timestamp=1620555246888&other_urls=https%3A%2F%2Fregistry.nlark.com%2Ffollow-redirects%2Fdownload%2Ffollow-redirects-1.14.1.tgz",
      "integrity": "sha1-2RFN7Qoc/dM04WTmZirQK/2R/0M="
    },
    "fsevents": {
      "version": "2.3.2",
      "resolved": "https://registry.npm.taobao.org/fsevents/download/fsevents-2.3.2.tgz?cache=0&sync_timestamp=1612536546156&other_urls=https%3A%2F%2Fregistry.npm.taobao.org%2Ffsevents%2Fdownload%2Ffsevents-2.3.2.tgz",
      "integrity": "sha1-ilJveLj99GI7cJ4Ll1xSwkwC/Ro=",
      "optional": true
    },
    "function-bind": {
      "version": "1.1.1",
      "resolved": "https://registry.npm.taobao.org/function-bind/download/function-bind-1.1.1.tgz",
      "integrity": "sha1-pWiZ0+o8m6uHS7l3O3xe3pL0iV0=",
      "dev": true
    },
    "generic-names": {
      "version": "2.0.1",
      "resolved": "https://registry.npm.taobao.org/generic-names/download/generic-names-2.0.1.tgz",
      "integrity": "sha1-+KN46tLMqno08DF7BVVIMq5BuHI=",
      "dev": true,
      "requires": {
        "loader-utils": "^1.1.0"
      }
    },
    "has": {
      "version": "1.0.3",
      "resolved": "https://registry.npm.taobao.org/has/download/has-1.0.3.tgz",
      "integrity": "sha1-ci18v8H2qoJB8W3YFOAR4fQeh5Y=",
      "dev": true,
      "requires": {
        "function-bind": "^1.1.1"
      }
    },
    "has-ansi": {
      "version": "2.0.0",
      "resolved": "https://registry.npm.taobao.org/has-ansi/download/has-ansi-2.0.0.tgz?cache=0&sync_timestamp=1618558073716&other_urls=https%3A%2F%2Fregistry.npm.taobao.org%2Fhas-ansi%2Fdownload%2Fhas-ansi-2.0.0.tgz",
      "integrity": "sha1-NPUEnOHs3ysGSa8+8k5F7TVBbZE=",
      "requires": {
        "ansi-regex": "^2.0.0"
      }
    },
    "has-flag": {
      "version": "1.0.0",
      "resolved": "https://registry.npm.taobao.org/has-flag/download/has-flag-1.0.0.tgz?cache=0&sync_timestamp=1618559744568&other_urls=https%3A%2F%2Fregistry.npm.taobao.org%2Fhas-flag%2Fdownload%2Fhas-flag-1.0.0.tgz",
      "integrity": "sha1-nZ55MWXOAXoA8AQYxD+UKnsdEfo="
    },
    "hash-sum": {
      "version": "2.0.0",
      "resolved": "https://registry.npm.taobao.org/hash-sum/download/hash-sum-2.0.0.tgz",
      "integrity": "sha1-gdAbtd6OpKIUrV1urRtSNGCwtFo=",
      "dev": true
    },
    "icss-replace-symbols": {
      "version": "1.1.0",
      "resolved": "https://registry.npm.taobao.org/icss-replace-symbols/download/icss-replace-symbols-1.1.0.tgz",
      "integrity": "sha1-Bupvg2ead0njhs/h/oEq5dsiPe0=",
      "dev": true
    },
    "icss-utils": {
      "version": "5.1.0",
      "resolved": "https://registry.npm.taobao.org/icss-utils/download/icss-utils-5.1.0.tgz?cache=0&sync_timestamp=1605801266348&other_urls=https%3A%2F%2Fregistry.npm.taobao.org%2Ficss-utils%2Fdownload%2Ficss-utils-5.1.0.tgz",
      "integrity": "sha1-xr5oWKvQE9do6YNmrkfiXViHsa4=",
      "dev": true
    },
    "is-core-module": {
      "version": "2.5.0",
      "resolved": "https://registry.nlark.com/is-core-module/download/is-core-module-2.5.0.tgz?cache=0&sync_timestamp=1626158736739&other_urls=https%3A%2F%2Fregistry.nlark.com%2Fis-core-module%2Fdownload%2Fis-core-module-2.5.0.tgz",
      "integrity": "sha1-91SENhfHC/0pt72HMnQAzaXBhJE=",
      "dev": true,
      "requires": {
        "has": "^1.0.3"
      }
    },
    "js-base64": {
      "version": "2.6.4",
      "resolved": "https://registry.nlark.com/js-base64/download/js-base64-2.6.4.tgz?cache=0&sync_timestamp=1621703430022&other_urls=https%3A%2F%2Fregistry.nlark.com%2Fjs-base64%2Fdownload%2Fjs-base64-2.6.4.tgz",
      "integrity": "sha1-9OaGxd4eofhn28rT1G2WlCjfmMQ="
    },
    "json5": {
      "version": "1.0.1",
      "resolved": "https://registry.npm.taobao.org/json5/download/json5-1.0.1.tgz",
      "integrity": "sha1-d5+wAYYE+oVOrL9iUhgNg1Q+Pb4=",
      "requires": {
        "minimist": "^1.2.0"
      }
    },
    "loader-utils": {
      "version": "1.4.0",
      "resolved": "https://registry.npm.taobao.org/loader-utils/download/loader-utils-1.4.0.tgz?cache=0&sync_timestamp=1584445172927&other_urls=https%3A%2F%2Fregistry.npm.taobao.org%2Floader-utils%2Fdownload%2Floader-utils-1.4.0.tgz",
      "integrity": "sha1-xXm140yzSxp07cbB+za/o3HVphM=",
      "requires": {
        "big.js": "^5.2.2",
        "emojis-list": "^3.0.0",
        "json5": "^1.0.1"
      }
    },
    "lodash.camelcase": {
      "version": "4.3.0",
      "resolved": "https://registry.npm.taobao.org/lodash.camelcase/download/lodash.camelcase-4.3.0.tgz",
      "integrity": "sha1-soqmKIorn8ZRA1x3EfZathkDMaY=",
      "dev": true
    },
    "lodash.clonedeep": {
      "version": "4.5.0",
      "resolved": "https://registry.npm.taobao.org/lodash.clonedeep/download/lodash.clonedeep-4.5.0.tgz",
      "integrity": "sha1-4j8/nE+Pvd6HJSnBBxhXoIblzO8="
    },
    "lru-cache": {
      "version": "5.1.1",
      "resolved": "https://registry.npm.taobao.org/lru-cache/download/lru-cache-5.1.1.tgz?cache=0&sync_timestamp=1594427519396&other_urls=https%3A%2F%2Fregistry.npm.taobao.org%2Flru-cache%2Fdownload%2Flru-cache-5.1.1.tgz",
      "integrity": "sha1-HaJ+ZxAnGUdpXa9oSOhH8B2EuSA=",
      "dev": true,
      "requires": {
        "yallist": "^3.0.2"
      }
    },
    "magic-string": {
      "version": "0.25.7",
      "resolved": "https://registry.npm.taobao.org/magic-string/download/magic-string-0.25.7.tgz",
      "integrity": "sha1-P0l9b9NMZpxnmNy4IfLvMfVEUFE=",
      "dev": true,
      "requires": {
        "sourcemap-codec": "^1.4.4"
      }
    },
    "merge-source-map": {
      "version": "1.1.0",
      "resolved": "https://registry.npm.taobao.org/merge-source-map/download/merge-source-map-1.1.0.tgz",
      "integrity": "sha1-L93n5gIJOfcJBqaPLXrmheTIxkY=",
      "dev": true,
      "requires": {
        "source-map": "^0.6.1"
      }
    },
    "minimist": {
      "version": "1.2.5",
      "resolved": "https://registry.npm.taobao.org/minimist/download/minimist-1.2.5.tgz?cache=0&sync_timestamp=1584051509720&other_urls=https%3A%2F%2Fregistry.npm.taobao.org%2Fminimist%2Fdownload%2Fminimist-1.2.5.tgz",
      "integrity": "sha1-Z9ZgFLZqaoqqDAg8X9WN9OTpdgI="
    },
    "nanoid": {
      "version": "3.1.23",
      "resolved": "https://registry.nlark.com/nanoid/download/nanoid-3.1.23.tgz",
      "integrity": "sha1-90QIbOfCvEfuCoRyV01ceOQYOoE=",
      "dev": true
    },
    "path-parse": {
      "version": "1.0.7",
      "resolved": "https://registry.nlark.com/path-parse/download/path-parse-1.0.7.tgz",
      "integrity": "sha1-+8EUtgykKzDZ2vWFjkvWi77bZzU=",
      "dev": true
    },
    "postcss": {
      "version": "8.3.5",
      "resolved": "https://registry.nlark.com/postcss/download/postcss-8.3.5.tgz",
      "integrity": "sha1-mCIWsRNBK8IKhiiekeuZSVKltwk=",
      "dev": true,
      "requires": {
        "colorette": "^1.2.2",
        "nanoid": "^3.1.23",
        "source-map-js": "^0.6.2"
      }
    },
    "postcss-modules": {
      "version": "4.1.3",
      "resolved": "https://registry.nlark.com/postcss-modules/download/postcss-modules-4.1.3.tgz",
      "integrity": "sha1-xMTEHZjZfSTHDojaz8l69aSz4h0=",
      "dev": true,
      "requires": {
        "generic-names": "^2.0.1",
        "icss-replace-symbols": "^1.1.0",
        "lodash.camelcase": "^4.3.0",
        "postcss-modules-extract-imports": "^3.0.0",
        "postcss-modules-local-by-default": "^4.0.0",
        "postcss-modules-scope": "^3.0.0",
        "postcss-modules-values": "^4.0.0",
        "string-hash": "^1.1.1"
      }
    },
    "postcss-modules-extract-imports": {
      "version": "3.0.0",
      "resolved": "https://registry.npm.taobao.org/postcss-modules-extract-imports/download/postcss-modules-extract-imports-3.0.0.tgz?cache=0&sync_timestamp=1602588260997&other_urls=https%3A%2F%2Fregistry.npm.taobao.org%2Fpostcss-modules-extract-imports%2Fdownload%2Fpostcss-modules-extract-imports-3.0.0.tgz",
      "integrity": "sha1-zaHwR8CugMl9vijD52pDuIAldB0=",
      "dev": true
    },
    "postcss-modules-local-by-default": {
      "version": "4.0.0",
      "resolved": "https://registry.npm.taobao.org/postcss-modules-local-by-default/download/postcss-modules-local-by-default-4.0.0.tgz?cache=0&sync_timestamp=1602587625149&other_urls=https%3A%2F%2Fregistry.npm.taobao.org%2Fpostcss-modules-local-by-default%2Fdownload%2Fpostcss-modules-local-by-default-4.0.0.tgz",
      "integrity": "sha1-67tU+uFZjuz99pGgKz/zs5ClpRw=",
      "dev": true,
      "requires": {
        "icss-utils": "^5.0.0",
        "postcss-selector-parser": "^6.0.2",
        "postcss-value-parser": "^4.1.0"
      }
    },
    "postcss-modules-scope": {
      "version": "3.0.0",
      "resolved": "https://registry.npm.taobao.org/postcss-modules-scope/download/postcss-modules-scope-3.0.0.tgz",
      "integrity": "sha1-nvMVFFbTu/oSDKRImN/Kby+gHwY=",
      "dev": true,
      "requires": {
        "postcss-selector-parser": "^6.0.4"
      }
    },
    "postcss-modules-values": {
      "version": "4.0.0",
      "resolved": "https://registry.npm.taobao.org/postcss-modules-values/download/postcss-modules-values-4.0.0.tgz",
      "integrity": "sha1-18Xn5ow7s8myfL9Iyguz/7RgLJw=",
      "dev": true,
      "requires": {
        "icss-utils": "^5.0.0"
      }
    },
    "postcss-plugin-px2rem": {
      "version": "0.8.1",
      "resolved": "https://registry.npm.taobao.org/postcss-plugin-px2rem/download/postcss-plugin-px2rem-0.8.1.tgz",
      "integrity": "sha1-6K3yj9K++8B5oRkSa1xiqIkF1eE=",
      "requires": {
        "postcss": "^5.0.21"
      },
      "dependencies": {
        "postcss": {
          "version": "5.2.18",
          "resolved": "https://registry.nlark.com/postcss/download/postcss-5.2.18.tgz",
          "integrity": "sha1-ut+hSX1GJE9jkPWLMZgw2RB4U8U=",
          "requires": {
            "chalk": "^1.1.3",
            "js-base64": "^2.1.9",
            "source-map": "^0.5.6",
            "supports-color": "^3.2.3"
          }
        },
        "source-map": {
          "version": "0.5.7",
          "resolved": "https://registry.npm.taobao.org/source-map/download/source-map-0.5.7.tgz?cache=0&other_urls=https%3A%2F%2Fregistry.npm.taobao.org%2Fsource-map%2Fdownload%2Fsource-map-0.5.7.tgz",
          "integrity": "sha1-igOdLRAh0i0eoUyA2OpGi6LvP8w="
        }
      }
    },
    "postcss-selector-parser": {
      "version": "6.0.6",
      "resolved": "https://registry.nlark.com/postcss-selector-parser/download/postcss-selector-parser-6.0.6.tgz?cache=0&sync_timestamp=1620753051451&other_urls=https%3A%2F%2Fregistry.nlark.com%2Fpostcss-selector-parser%2Fdownload%2Fpostcss-selector-parser-6.0.6.tgz",
      "integrity": "sha1-LFu6gXSsL2mBq2MaQqsO5UrzMuo=",
      "dev": true,
      "requires": {
        "cssesc": "^3.0.0",
        "util-deprecate": "^1.0.2"
      }
    },
    "postcss-value-parser": {
      "version": "4.1.0",
      "resolved": "https://registry.npm.taobao.org/postcss-value-parser/download/postcss-value-parser-4.1.0.tgz?cache=0&sync_timestamp=1588083303810&other_urls=https%3A%2F%2Fregistry.npm.taobao.org%2Fpostcss-value-parser%2Fdownload%2Fpostcss-value-parser-4.1.0.tgz",
      "integrity": "sha1-RD9qIM7WSBor2k+oUypuVdeJoss=",
      "dev": true
    },
    "resolve": {
      "version": "1.20.0",
      "resolved": "https://registry.npm.taobao.org/resolve/download/resolve-1.20.0.tgz?cache=0&sync_timestamp=1613054898763&other_urls=https%3A%2F%2Fregistry.npm.taobao.org%2Fresolve%2Fdownload%2Fresolve-1.20.0.tgz",
      "integrity": "sha1-YpoBP7P3B1XW8LeTXMHCxTeLGXU=",
      "dev": true,
      "requires": {
        "is-core-module": "^2.2.0",
        "path-parse": "^1.0.6"
      }
    },
    "rollup": {
      "version": "2.53.2",
      "resolved": "https://registry.nlark.com/rollup/download/rollup-2.53.2.tgz",
      "integrity": "sha1-Mnn5v7of5EZYVWCALkGMX7yu+lE=",
      "dev": true,
      "requires": {
        "fsevents": "~2.3.2"
      }
    },
    "source-map": {
      "version": "0.6.1",
      "resolved": "https://registry.npm.taobao.org/source-map/download/source-map-0.6.1.tgz?cache=0&other_urls=https%3A%2F%2Fregistry.npm.taobao.org%2Fsource-map%2Fdownload%2Fsource-map-0.6.1.tgz",
      "integrity": "sha1-dHIq8y6WFOnCh6jQu95IteLxomM="
    },
    "source-map-js": {
      "version": "0.6.2",
      "resolved": "https://registry.nlark.com/source-map-js/download/source-map-js-0.6.2.tgz",
      "integrity": "sha1-C7XeYxtBz72mz7qL0FqA79/SOF4=",
      "dev": true
    },
    "sourcemap-codec": {
      "version": "1.4.8",
      "resolved": "https://registry.npm.taobao.org/sourcemap-codec/download/sourcemap-codec-1.4.8.tgz",
      "integrity": "sha1-6oBL2UhXQC5pktBaOO8a41qatMQ=",
      "dev": true
    },
    "ssr-window": {
      "version": "2.0.0",
      "resolved": "https://registry.npm.taobao.org/ssr-window/download/ssr-window-2.0.0.tgz",
      "integrity": "sha1-mMMBrvmVIzF/jWlhjwAQeRCW78Q="
    },
    "string-hash": {
      "version": "1.1.3",
      "resolved": "https://registry.npm.taobao.org/string-hash/download/string-hash-1.1.3.tgz",
      "integrity": "sha1-6Kr8CsGFW0Zmkp7X3RJ1311sgRs=",
      "dev": true
    },
    "strip-ansi": {
      "version": "3.0.1",
      "resolved": "https://registry.npm.taobao.org/strip-ansi/download/strip-ansi-3.0.1.tgz?cache=0&sync_timestamp=1618553320591&other_urls=https%3A%2F%2Fregistry.npm.taobao.org%2Fstrip-ansi%2Fdownload%2Fstrip-ansi-3.0.1.tgz",
      "integrity": "sha1-ajhfuIU9lS1f8F0Oiq+UJ43GPc8=",
      "requires": {
        "ansi-regex": "^2.0.0"
      }
    },
    "stylus-loader": {
      "version": "3.0.2",
      "resolved": "https://registry.nlark.com/stylus-loader/download/stylus-loader-3.0.2.tgz",
      "integrity": "sha1-J6cGQgsFo44DjnyssVNXjUUFE8Y=",
      "requires": {
        "loader-utils": "^1.0.2",
        "lodash.clonedeep": "^4.5.0",
        "when": "~3.6.x"
      }
    },
    "supports-color": {
      "version": "3.2.3",
      "resolved": "https://registry.nlark.com/supports-color/download/supports-color-3.2.3.tgz",
      "integrity": "sha1-ZawFBLOVQXHYpklGsq48u4pfVPY=",
      "requires": {
        "has-flag": "^1.0.0"
      }
    },
    "swiper": {
      "version": "5.4.5",
      "resolved": "https://registry.nlark.com/swiper/download/swiper-5.4.5.tgz",
      "integrity": "sha1-o1D2VL9oQm27ZReTgkklUS0iPA8=",
      "requires": {
        "dom7": "^2.1.5",
        "ssr-window": "^2.0.0"
      }
    },
    "to-fast-properties": {
      "version": "2.0.0",
      "resolved": "https://registry.npm.taobao.org/to-fast-properties/download/to-fast-properties-2.0.0.tgz?cache=0&sync_timestamp=1580550296062&other_urls=https%3A%2F%2Fregistry.npm.taobao.org%2Fto-fast-properties%2Fdownload%2Fto-fast-properties-2.0.0.tgz",
      "integrity": "sha1-3F5pjL0HkmW8c+A3doGk5Og/YW4="
    },
    "uppercamelcase": {
      "version": "3.0.0",
      "resolved": "https://registry.npm.taobao.org/uppercamelcase/download/uppercamelcase-3.0.0.tgz",
      "integrity": "sha1-OAsyG41zy6Fv7E11KldRUtHvcxc=",
      "requires": {
        "camelcase": "^4.1.0"
      }
    },
    "util-deprecate": {
      "version": "1.0.2",
      "resolved": "https://registry.npm.taobao.org/util-deprecate/download/util-deprecate-1.0.2.tgz",
      "integrity": "sha1-RQ1Nyfpw3nMnYvvS1KKJgUGaDM8=",
      "dev": true
    },
    "vite": {
      "version": "2.4.2",
      "resolved": "https://registry.nlark.com/vite/download/vite-2.4.2.tgz",
      "integrity": "sha1-B9AGFXdcgIUwvJ9lZBBis0m2eSk=",
      "dev": true,
      "requires": {
        "esbuild": "^0.12.8",
        "fsevents": "~2.3.2",
        "postcss": "^8.3.5",
        "resolve": "^1.20.0",
        "rollup": "^2.38.5"
      }
    },
    "vue": {
      "version": "3.1.4",
      "resolved": "https://registry.nlark.com/vue/download/vue-3.1.4.tgz",
      "integrity": "sha1-Eg1oGMUeqjXQh55bwc/2ATW8af0=",
      "requires": {
        "@vue/compiler-dom": "3.1.4",
        "@vue/runtime-dom": "3.1.4",
        "@vue/shared": "3.1.4"
      }
    },
    "wblive-ui": {
      "version": "0.1.25",
      "resolved": "https://registry.nlark.com/wblive-ui/download/wblive-ui-0.1.25.tgz",
      "integrity": "sha1-tlFF/7/cUKlXzv95sAz3plP7vHs=",
      "requires": {
        "axios": "^0.21.0",
        "better-scroll": "^2.0.5",
        "core-js": "^3.6.5",
        "danmaku": "^2.0.2",
        "fsevents": "*",
        "postcss-plugin-px2rem": "^0.8.1",
        "stylus-loader": "^3.0.2",
        "swiper": "^5.4.1",
        "uppercamelcase": "^3.0.0",
        "vue": "^2.6.12"
      },
      "dependencies": {
        "vue": {
          "version": "2.6.14",
          "resolved": "https://registry.nlark.com/vue/download/vue-2.6.14.tgz",
          "integrity": "sha1-5RqlJQJQ1Wmj+606ilpofWA24jU="
        }
      }
    },
    "when": {
      "version": "3.6.4",
      "resolved": "https://registry.npm.taobao.org/when/download/when-3.6.4.tgz",
      "integrity": "sha1-RztRfsFZ4rhQBUl6E5g/CVQS404="
    },
    "yallist": {
      "version": "3.1.1",
      "resolved": "https://registry.npm.taobao.org/yallist/download/yallist-3.1.1.tgz?cache=0&sync_timestamp=1569874223546&other_urls=https%3A%2F%2Fregistry.npm.taobao.org%2Fyallist%2Fdownload%2Fyallist-3.1.1.tgz",
      "integrity": "sha1-27fa+b/YusmrRev2ArjLrQ1dCP0=",
      "dev": true
    }
  }
}
